
Microsoft Visual Studio Solution File, Format Version 12.00
# Visual Studio Version 17
VisualStudioVersion = 17.12.35707.178
MinimumVisualStudioVersion = 10.0.40219.1
Project("{FAE04EC0-301F-11D3-BF4B-00C04F79EFBC}") = "beadando_F0E7UK", "beadando_F0E7UK\beadando_F0E7UK.csproj", "{8FC418A4-EFB9-4E5A-AAD9-DEC5629FB5C1}"
EndProject
Project("{FAE04EC0-301F-11D3-BF4B-00C04F79EFBC}") = "Models", "Models\Models.csproj", "{6637BF1C-C1DD-44DA-BBD1-F3A8FC074F47}"
EndProject
Project("{FAE04EC0-301F-11D3-BF4B-00C04F79EFBC}") = "Data", "Data\Data.csproj", "{DD96E05A-5769-40DD-8A2C-9241FE9FA731}"
EndProject
Project("{FAE04EC0-301F-11D3-BF4B-00C04F79EFBC}") = "Controls", "Controls\Controls.csproj", "{F7489DBA-6613-41B5-8F0C-820594DBE388}"
EndProject
Project("{FAE04EC0-301F-11D3-BF4B-00C04F79EFBC}") = "UnitTests", "UnitTests\UnitTests.csproj", "{F4FB1734-898F-4FE0-8A27-780C306D4265}"
EndProject
Global
	GlobalSection(SolutionConfigurationPlatforms) = preSolution
		Debug|Any CPU = Debug|Any CPU
		Release|Any CPU = Release|Any CPU
	EndGlobalSection
	GlobalSection(ProjectConfigurationPlatforms) = postSolution
		{8FC418A4-EFB9-4E5A-AAD9-DEC5629FB5C1}.Debug|Any CPU.ActiveCfg = Debug|Any CPU
		{8FC418A4-EFB9-4E5A-AAD9-DEC5629FB5C1}.Debug|Any CPU.Build.0 = Debug|Any CPU
		{8FC418A4-EFB9-4E5A-AAD9-DEC5629FB5C1}.Release|Any CPU.ActiveCfg = Release|Any CPU
		{8FC418A4-EFB9-4E5A-AAD9-DEC5629FB5C1}.Release|Any CPU.Build.0 = Release|Any CPU
		{6637BF1C-C1DD-44DA-BBD1-F3A8FC074F47}.Debug|Any CPU.ActiveCfg = Debug|Any CPU
		{6637BF1C-C1DD-44DA-BBD1-F3A8FC074F47}.Debug|Any CPU.Build.0 = Debug|Any CPU
		{6637BF1C-C1DD-44DA-BBD1-F3A8FC074F47}.Release|Any CPU.ActiveCfg = Release|Any CPU
		{6637BF1C-C1DD-44DA-BBD1-F3A8FC074F47}.Release|Any CPU.Build.0 = Release|Any CPU
		{DD96E05A-5769-40DD-8A2C-9241FE9FA731}.Debug|Any CPU.ActiveCfg = Debug|Any CPU
		{DD96E05A-5769-40DD-8A2C-9241FE9FA731}.Debug|Any CPU.Build.0 = Debug|Any CPU
		{DD96E05A-5769-40DD-8A2C-9241FE9FA731}.Release|Any CPU.ActiveCfg = Release|Any CPU
		{DD96E05A-5769-40DD-8A2C-9241FE9FA731}.Release|Any CPU.Build.0 = Release|Any CPU
		{F7489DBA-6613-41B5-8F0C-820594DBE388}.Debug|Any CPU.ActiveCfg = Debug|Any CPU
		{F7489DBA-6613-41B5-8F0C-820594DBE388}.Debug|Any CPU.Build.0 = Debug|Any CPU
		{F7489DBA-6613-41B5-8F0C-820594DBE388}.Release|Any CPU.ActiveCfg = Release|Any CPU
		{F7489DBA-6613-41B5-8F0C-820594DBE388}.Release|Any CPU.Build.0 = Release|Any CPU
		{F4FB1734-898F-4FE0-8A27-780C306D4265}.Debug|Any CPU.ActiveCfg = Debug|Any CPU
		{F4FB1734-898F-4FE0-8A27-780C306D4265}.Debug|Any CPU.Build.0 = Debug|Any CPU
		{F4FB1734-898F-4FE0-8A27-780C306D4265}.Release|Any CPU.ActiveCfg = Release|Any CPU
		{F4FB1734-898F-4FE0-8A27-780C306D4265}.Release|Any CPU.Build.0 = Release|Any CPU
	EndGlobalSection
	GlobalSection(SolutionProperties) = preSolution
		HideSolutionNode = FALSE
	EndGlobalSection
EndGlobal
