
Microsoft Visual Studio Solution File, Format Version 12.00
# Visual Studio Version 16
VisualStudioVersion = 16.0.30804.86
MinimumVisualStudioVersion = 10.0.40219.1
Project("{FAE04EC0-301F-11D3-BF4B-00C04F79EFBC}") = "ForeMan", "projekt_manager\ForeMan.csproj", "{A7C816A1-B67A-4EFA-BE5E-E137C47150DF}"
EndProject
Global
	GlobalSection(SolutionConfigurationPlatforms) = preSolution
		Debug|Any CPU = Debug|Any CPU
		Release|Any CPU = Release|Any CPU
	EndGlobalSection
	GlobalSection(ProjectConfigurationPlatforms) = postSolution
		{A7C816A1-B67A-4EFA-BE5E-E137C47150DF}.Debug|Any CPU.ActiveCfg = Debug|Any CPU
		{A7C816A1-B67A-4EFA-BE5E-E137C47150DF}.Debug|Any CPU.Build.0 = Debug|Any CPU
		{A7C816A1-B67A-4EFA-BE5E-E137C47150DF}.Release|Any CPU.ActiveCfg = Release|Any CPU
		{A7C816A1-B67A-4EFA-BE5E-E137C47150DF}.Release|Any CPU.Build.0 = Release|Any CPU
	EndGlobalSection
	GlobalSection(SolutionProperties) = preSolution
		HideSolutionNode = FALSE
	EndGlobalSection
	GlobalSection(ExtensibilityGlobals) = postSolution
		SolutionGuid = {88E2D79C-C726-4B56-8FD1-E597B5A46AC9}
	EndGlobalSection
EndGlobal
